// !$*UTF8*$!
{
	archiveVersion = 1;
	classes = {
	};
	objectVersion = 51;
	objects = {

/* Begin PBXBuildFile section */
		AE8A8094AA0E473DBA454F60 /* Pods_GenericLoadingData.framework in Frameworks */ = {isa = PBXBuildFile; fileRef = ECE234A44E113B15F9996870 /* Pods_GenericLoadingData.framework */; };
		D9BCD6EB254AA2C300FD53C9 /* AppDelegate.swift in Sources */ = {isa = PBXBuildFile; fileRef = D9BCD6EA254AA2C300FD53C9 /* AppDelegate.swift */; };
		D9BCD6EF254AA2C300FD53C9 /* ViewController.swift in Sources */ = {isa = PBXBuildFile; fileRef = D9BCD6EE254AA2C300FD53C9 /* ViewController.swift */; };
		D9BCD6F2254AA2C300FD53C9 /* Main.storyboard in Resources */ = {isa = PBXBuildFile; fileRef = D9BCD6F0254AA2C300FD53C9 /* Main.storyboard */; };
		D9BCD6F4254AA2C700FD53C9 /* Assets.xcassets in Resources */ = {isa = PBXBuildFile; fileRef = D9BCD6F3254AA2C700FD53C9 /* Assets.xcassets */; };
		D9BCD6F7254AA2C700FD53C9 /* LaunchScreen.storyboard in Resources */ = {isa = PBXBuildFile; fileRef = D9BCD6F5254AA2C700FD53C9 /* LaunchScreen.storyboard */; };
		D9BCD702254AA3A100FD53C9 /* Post.swift in Sources */ = {isa = PBXBuildFile; fileRef = D9BCD701254AA3A100FD53C9 /* Post.swift */; };
/* End PBXBuildFile section */

/* Begin PBXFileReference section */
		B63228DF1ABB2014C99C7AE7 /* Pods-GenericLoadingData.release.xcconfig */ = {isa = PBXFileReference; includeInIndex = 1; lastKnownFileType = text.xcconfig; name = "Pods-GenericLoadingData.release.xcconfig"; path = "Target Support Files/Pods-GenericLoadingData/Pods-GenericLoadingData.release.xcconfig"; sourceTree = "<group>"; };
		C959D344A460137E4BF6DA5C /* Pods-GenericLoadingData.debug.xcconfig */ = {isa = PBXFileReference; includeInIndex = 1; lastKnownFileType = text.xcconfig; name = "Pods-GenericLoadingData.debug.xcconfig"; path = "Target Support Files/Pods-GenericLoadingData/Pods-GenericLoadingData.debug.xcconfig"; sourceTree = "<group>"; };
		D9BCD6E7254AA2C300FD53C9 /* GenericLoadingData.app */ = {isa = PBXFileReference; explicitFileType = wrapper.application; includeInIndex = 0; path = GenericLoadingData.app; sourceTree = BUILT_PRODUCTS_DIR; };
		D9BCD6EA254AA2C300FD53C9 /* AppDelegate.swift */ = {isa = PBXFileReference; lastKnownFileType = sourcecode.swift; path = AppDelegate.swift; sourceTree = "<group>"; };
		D9BCD6EE254AA2C300FD53C9 /* ViewController.swift */ = {isa = PBXFileReference; lastKnownFileType = sourcecode.swift; path = ViewController.swift; sourceTree = "<group>"; };
		D9BCD6F1254AA2C300FD53C9 /* Base */ = {isa = PBXFileReference; lastKnownFileType = file.storyboard; name = Base; path = Base.lproj/Main.storyboard; sourceTree = "<group>"; };
		D9BCD6F3254AA2C700FD53C9 /* Assets.xcassets */ = {isa = PBXFileReference; lastKnownFileType = folder.assetcatalog; path = Assets.xcassets; sourceTree = "<group>"; };
		D9BCD6F6254AA2C700FD53C9 /* Base */ = {isa = PBXFileReference; lastKnownFileType = file.storyboard; name = Base; path = Base.lproj/LaunchScreen.storyboard; sourceTree = "<group>"; };
		D9BCD6F8254AA2C700FD53C9 /* Info.plist */ = {isa = PBXFileReference; lastKnownFileType = text.plist.xml; path = Info.plist; sourceTree = "<group>"; };
		D9BCD701254AA3A100FD53C9 /* Post.swift */ = {isa = PBXFileReference; lastKnownFileType = sourcecode.swift; path = Post.swift; sourceTree = "<group>"; };
		ECE234A44E113B15F9996870 /* Pods_GenericLoadingData.framework */ = {isa = PBXFileReference; explicitFileType = wrapper.framework; includeInIndex = 0; path = Pods_GenericLoadingData.framework; sourceTree = BUILT_PRODUCTS_DIR; };
/* End PBXFileReference section */

/* Begin PBXFrameworksBuildPhase section */
		D9BCD6E4254AA2C300FD53C9 /* Frameworks */ = {
			isa = PBXFrameworksBuildPhase;
			buildActionMask = 2147483647;
			files = (
				AE8A8094AA0E473DBA454F60 /* Pods_GenericLoadingData.framework in Frameworks */,
			);
			runOnlyForDeploymentPostprocessing = 0;
		};
/* End PBXFrameworksBuildPhase section */

/* Begin PBXGroup section */
		2D4D10FD3927859E0470E58A /* Frameworks */ = {
			isa = PBXGroup;
			children = (
				ECE234A44E113B15F9996870 /* Pods_GenericLoadingData.framework */,
			);
			name = Frameworks;
			sourceTree = "<group>";
		};
		337E588E2790D8BCC9858EDB /* Pods */ = {
			isa = PBXGroup;
			children = (
				C959D344A460137E4BF6DA5C /* Pods-GenericLoadingData.debug.xcconfig */,
				B63228DF1ABB2014C99C7AE7 /* Pods-GenericLoadingData.release.xcconfig */,
			);
			path = Pods;
			sourceTree = "<group>";
		};
		D9BCD6DE254AA2C300FD53C9 = {
			isa = PBXGroup;
			children = (
				D9BCD6E9254AA2C300FD53C9 /* GenericLoadingData */,
				D9BCD6E8254AA2C300FD53C9 /* Products */,
				337E588E2790D8BCC9858EDB /* Pods */,
				2D4D10FD3927859E0470E58A /* Frameworks */,
			);
			sourceTree = "<group>";
		};
		D9BCD6E8254AA2C300FD53C9 /* Products */ = {
			isa = PBXGroup;
			children = (
				D9BCD6E7254AA2C300FD53C9 /* GenericLoadingData.app */,
			);
			name = Products;
			sourceTree = "<group>";
		};
		D9BCD6E9254AA2C300FD53C9 /* GenericLoadingData */ = {
			isa = PBXGroup;
			children = (
				D9BCD6EA254AA2C300FD53C9 /* AppDelegate.swift */,
				D9BCD700254AA36500FD53C9 /* Views */,
				D9BCD6FF254AA35F00FD53C9 /* Controller */,
				D9BCD6FE254AA35700FD53C9 /* Model */,
				D9BCD6F3254AA2C700FD53C9 /* Assets.xcassets */,
				D9BCD6F5254AA2C700FD53C9 /* LaunchScreen.storyboard */,
				D9BCD6F8254AA2C700FD53C9 /* Info.plist */,
			);
			path = GenericLoadingData;
			sourceTree = "<group>";
		};
		D9BCD6FE254AA35700FD53C9 /* Model */ = {
			isa = PBXGroup;
			children = (
				D9BCD701254AA3A100FD53C9 /* Post.swift */,
			);
			path = Model;
			sourceTree = "<group>";
		};
		D9BCD6FF254AA35F00FD53C9 /* Controller */ = {
			isa = PBXGroup;
			children = (
				D9BCD6EE254AA2C300FD53C9 /* ViewController.swift */,
			);
			path = Controller;
			sourceTree = "<group>";
		};
		D9BCD700254AA36500FD53C9 /* Views */ = {
			isa = PBXGroup;
			children = (
				D9BCD6F0254AA2C300FD53C9 /* Main.storyboard */,
			);
			path = Views;
			sourceTree = "<group>";
		};
/* End PBXGroup section */

/* Begin PBXNativeTarget section */
		D9BCD6E6254AA2C300FD53C9 /* GenericLoadingData */ = {
			isa = PBXNativeTarget;
			buildConfigurationList = D9BCD6FB254AA2C700FD53C9 /* Build configuration list for PBXNativeTarget "GenericLoadingData" */;
			buildPhases = (
				762DE8A81D29E6F8F37C7090 /* [CP] Check Pods Manifest.lock */,
				D9BCD6E3254AA2C300FD53C9 /* Sources */,
				D9BCD6E4254AA2C300FD53C9 /* Frameworks */,
				D9BCD6E5254AA2C300FD53C9 /* Resources */,
				2FAA88C84C2333D63FB806AC /* [CP] Embed Pods Frameworks */,
			);
			buildRules = (
			);
			dependencies = (
			);
			name = GenericLoadingData;
			productName = GenericLoadingData;
			productReference = D9BCD6E7254AA2C300FD53C9 /* GenericLoadingData.app */;
			productType = "com.apple.product-type.application";
		};
/* End PBXNativeTarget section */

/* Begin PBXProject section */
		D9BCD6DF254AA2C300FD53C9 /* Project object */ = {
			isa = PBXProject;
			attributes = {
				LastSwiftUpdateCheck = 1160;
				LastUpgradeCheck = 1160;
				ORGANIZATIONNAME = Mohamed;
				TargetAttributes = {
					D9BCD6E6254AA2C300FD53C9 = {
						CreatedOnToolsVersion = 11.6;
					};
				};
			};
			buildConfigurationList = D9BCD6E2254AA2C300FD53C9 /* Build configuration list for PBXProject "GenericLoadingData" */;
			compatibilityVersion = "Xcode 9.3";
			developmentRegion = en;
			hasScannedForEncodings = 0;
			knownRegions = (
				en,
				Base,
			);
			mainGroup = D9BCD6DE254AA2C300FD53C9;
			productRefGroup = D9BCD6E8254AA2C300FD53C9 /* Products */;
			projectDirPath = "";
			projectRoot = "";
			targets = (
				D9BCD6E6254AA2C300FD53C9 /* GenericLoadingData */,
			);
		};
/* End PBXProject section */

/* Begin PBXResourcesBuildPhase section */
		D9BCD6E5254AA2C300FD53C9 /* Resources */ = {
			isa = PBXResourcesBuildPhase;
			buildActionMask = 2147483647;
			files = (
				D9BCD6F7254AA2C700FD53C9 /* LaunchScreen.storyboard in Resources */,
				D9BCD6F4254AA2C700FD53C9 /* Assets.xcassets in Resources */,
				D9BCD6F2254AA2C300FD53C9 /* Main.storyboard in Resources */,
			);
			runOnlyForDeploymentPostprocessing = 0;
		};
/* End PBXResourcesBuildPhase section */

/* Begin PBXShellScriptBuildPhase section */
		2FAA88C84C2333D63FB806AC /* [CP] Embed Pods Frameworks */ = {
			isa = PBXShellScriptBuildPhase;
			buildActionMask = 2147483647;
			files = (
			);
			inputFileListPaths = (
				"${PODS_ROOT}/Target Support Files/Pods-GenericLoadingData/Pods-GenericLoadingData-frameworks-${CONFIGURATION}-input-files.xcfilelist",
			);
			name = "[CP] Embed Pods Frameworks";
			outputFileListPaths = (
				"${PODS_ROOT}/Target Support Files/Pods-GenericLoadingData/Pods-GenericLoadingData-frameworks-${CONFIGURATION}-output-files.xcfilelist",
			);
			runOnlyForDeploymentPostprocessing = 0;
			shellPath = /bin/sh;
			shellScript = "\"${PODS_ROOT}/Target Support Files/Pods-GenericLoadingData/Pods-GenericLoadingData-frameworks.sh\"\n";
			showEnvVarsInLog = 0;
		};
		762DE8A81D29E6F8F37C7090 /* [CP] Check Pods Manifest.lock */ = {
			isa = PBXShellScriptBuildPhase;
			buildActionMask = 2147483647;
			files = (
			);
			inputFileListPaths = (
			);
			inputPaths = (
				"${PODS_PODFILE_DIR_PATH}/Podfile.lock",
				"${PODS_ROOT}/Manifest.lock",
			);
			name = "[CP] Check Pods Manifest.lock";
			outputFileListPaths = (
			);
			outputPaths = (
				"$(DERIVED_FILE_DIR)/Pods-GenericLoadingData-checkManifestLockResult.txt",
			);
			runOnlyForDeploymentPostprocessing = 0;
			shellPath = /bin/sh;
			shellScript = "diff \"${PODS_PODFILE_DIR_PATH}/Podfile.lock\" \"${PODS_ROOT}/Manifest.lock\" > /dev/null\nif [ $? != 0 ] ; then\n    # print error to STDERR\n    echo \"error: The sandbox is not in sync with the Podfile.lock. Run 'pod install' or update your CocoaPods installation.\" >&2\n    exit 1\nfi\n# This output is used by Xcode 'outputs' to avoid re-running this script phase.\necho \"SUCCESS\" > \"${SCRIPT_OUTPUT_FILE_0}\"\n";
			showEnvVarsInLog = 0;
		};
/* End PBXShellScriptBuildPhase section */

/* Begin PBXSourcesBuildPhase section */
		D9BCD6E3254AA2C300FD53C9 /* Sources */ = {
			isa = PBXSourcesBuildPhase;
			buildActionMask = 2147483647;
			files = (
				D9BCD702254AA3A100FD53C9 /* Post.swift in Sources */,
				D9BCD6EF254AA2C300FD53C9 /* ViewController.swift in Sources */,
				D9BCD6EB254AA2C300FD53C9 /* AppDelegate.swift in Sources */,
			);
			runOnlyForDeploymentPostprocessing = 0;
		};
/* End PBXSourcesBuildPhase section */

/* Begin PBXVariantGroup section */
		D9BCD6F0254AA2C300FD53C9 /* Main.storyboard */ = {
			isa = PBXVariantGroup;
			children = (
				D9BCD6F1254AA2C300FD53C9 /* Base */,
			);
			name = Main.storyboard;
			sourceTree = "<group>";
		};
		D9BCD6F5254AA2C700FD53C9 /* LaunchScreen.storyboard */ = {
			isa = PBXVariantGroup;
			children = (
				D9BCD6F6254AA2C700FD53C9 /* Base */,
			);
			name = LaunchScreen.storyboard;
			sourceTree = "<group>";
		};
/* End PBXVariantGroup section */

/* Begin XCBuildConfiguration section */
		D9BCD6F9254AA2C700FD53C9 /* Debug */ = {
			isa = XCBuildConfiguration;
			buildSettings = {
				ALWAYS_SEARCH_USER_PATHS = NO;
				CLANG_ANALYZER_NONNULL = YES;
				CLANG_ANALYZER_NUMBER_OBJECT_CONVERSION = YES_AGGRESSIVE;
				CLANG_CXX_LANGUAGE_STANDARD = "gnu++14";
				CLANG_CXX_LIBRARY = "libc++";
				CLANG_ENABLE_MODULES = YES;
				CLANG_ENABLE_OBJC_ARC = YES;
				CLANG_ENABLE_OBJC_WEAK = YES;
				CLANG_WARN_BLOCK_CAPTURE_AUTORELEASING = YES;
				CLANG_WARN_BOOL_CONVERSION = YES;
				CLANG_WARN_COMMA = YES;
				CLANG_WARN_CONSTANT_CONVERSION = YES;
				CLANG_WARN_DEPRECATED_OBJC_IMPLEMENTATIONS = YES;
				CLANG_WARN_DIRECT_OBJC_ISA_USAGE = YES_ERROR;
				CLANG_WARN_DOCUMENTATION_COMMENTS = YES;
				CLANG_WARN_EMPTY_BODY = YES;
				CLANG_WARN_ENUM_CONVERSION = YES;
				CLANG_WARN_INFINITE_RECURSION = YES;
				CLANG_WARN_INT_CONVERSION = YES;
				CLANG_WARN_NON_LITERAL_NULL_CONVERSION = YES;
				CLANG_WARN_OBJC_IMPLICIT_RETAIN_SELF = YES;
				CLANG_WARN_OBJC_LITERAL_CONVERSION = YES;
				CLANG_WARN_OBJC_ROOT_CLASS = YES_ERROR;
				CLANG_WARN_RANGE_LOOP_ANALYSIS = YES;
				CLANG_WARN_STRICT_PROTOTYPES = YES;
				CLANG_WARN_SUSPICIOUS_MOVE = YES;
				CLANG_WARN_UNGUARDED_AVAILABILITY = YES_AGGRESSIVE;
				CLANG_WARN_UNREACHABLE_CODE = YES;
				CLANG_WARN__DUPLICATE_METHOD_MATCH = YES;
				COPY_PHASE_STRIP = NO;
				DEBUG_INFORMATION_FORMAT = dwarf;
				ENABLE_STRICT_OBJC_MSGSEND = YES;
				ENABLE_TESTABILITY = YES;
				GCC_C_LANGUAGE_STANDARD = gnu11;
				GCC_DYNAMIC_NO_PIC = NO;
				GCC_NO_COMMON_BLOCKS = YES;
				GCC_OPTIMIZATION_LEVEL = 0;
				GCC_PREPROCESSOR_DEFINITIONS = (
					"DEBUG=1",
					"$(inherited)",
				);
				GCC_WARN_64_TO_32_BIT_CONVERSION = YES;
				GCC_WARN_ABOUT_RETURN_TYPE = YES_ERROR;
				GCC_WARN_UNDECLARED_SELECTOR = YES;
				GCC_WARN_UNINITIALIZED_AUTOS = YES_AGGRESSIVE;
				GCC_WARN_UNUSED_FUNCTION = YES;
				GCC_WARN_UNUSED_VARIABLE = YES;
				IPHONEOS_DEPLOYMENT_TARGET = 13.6;
				MTL_ENABLE_DEBUG_INFO = INCLUDE_SOURCE;
				MTL_FAST_MATH = YES;
				ONLY_ACTIVE_ARCH = YES;
				SDKROOT = iphoneos;
				SWIFT_ACTIVE_COMPILATION_CONDITIONS = DEBUG;
				SWIFT_OPTIMIZATION_LEVEL = "-Onone";
			};
			name = Debug;
		};
		D9BCD6FA254AA2C700FD53C9 /* Release */ = {
			isa = XCBuildConfiguration;
			buildSettings = {
				ALWAYS_SEARCH_USER_PATHS = NO;
				CLANG_ANALYZER_NONNULL = YES;
				CLANG_ANALYZER_NUMBER_OBJECT_CONVERSION = YES_AGGRESSIVE;
				CLANG_CXX_LANGUAGE_STANDARD = "gnu++14";
				CLANG_CXX_LIBRARY = "libc++";
				CLANG_ENABLE_MODULES = YES;
				CLANG_ENABLE_OBJC_ARC = YES;
				CLANG_ENABLE_OBJC_WEAK = YES;
				CLANG_WARN_BLOCK_CAPTURE_AUTORELEASING = YES;
				CLANG_WARN_BOOL_CONVERSION = YES;
				CLANG_WARN_COMMA = YES;
				CLANG_WARN_CONSTANT_CONVERSION = YES;
				CLANG_WARN_DEPRECATED_OBJC_IMPLEMENTATIONS = YES;
				CLANG_WARN_DIRECT_OBJC_ISA_USAGE = YES_ERROR;
				CLANG_WARN_DOCUMENTATION_COMMENTS = YES;
				CLANG_WARN_EMPTY_BODY = YES;
				CLANG_WARN_ENUM_CONVERSION = YES;
				CLANG_WARN_INFINITE_RECURSION = YES;
				CLANG_WARN_INT_CONVERSION = YES;
				CLANG_WARN_NON_LITERAL_NULL_CONVERSION = YES;
				CLANG_WARN_OBJC_IMPLICIT_RETAIN_SELF = YES;
				CLANG_WARN_OBJC_LITERAL_CONVERSION = YES;
				CLANG_WARN_OBJC_ROOT_CLASS = YES_ERROR;
				CLANG_WARN_RANGE_LOOP_ANALYSIS = YES;
				CLANG_WARN_STRICT_PROTOTYPES = YES;
				CLANG_WARN_SUSPICIOUS_MOVE = YES;
				CLANG_WARN_UNGUARDED_AVAILABILITY = YES_AGGRESSIVE;
				CLANG_WARN_UNREACHABLE_CODE = YES;
				CLANG_WARN__DUPLICATE_METHOD_MATCH = YES;
				COPY_PHASE_STRIP = NO;
				DEBUG_INFORMATION_FORMAT = "dwarf-with-dsym";
				ENABLE_NS_ASSERTIONS = NO;
				ENABLE_STRICT_OBJC_MSGSEND = YES;
				GCC_C_LANGUAGE_STANDARD = gnu11;
				GCC_NO_COMMON_BLOCKS = YES;
				GCC_WARN_64_TO_32_BIT_CONVERSION = YES;
				GCC_WARN_ABOUT_RETURN_TYPE = YES_ERROR;
				GCC_WARN_UNDECLARED_SELECTOR = YES;
				GCC_WARN_UNINITIALIZED_AUTOS = YES_AGGRESSIVE;
				GCC_WARN_UNUSED_FUNCTION = YES;
				GCC_WARN_UNUSED_VARIABLE = YES;
				IPHONEOS_DEPLOYMENT_TARGET = 13.6;
				MTL_ENABLE_DEBUG_INFO = NO;
				MTL_FAST_MATH = YES;
				SDKROOT = iphoneos;
				SWIFT_COMPILATION_MODE = wholemodule;
				SWIFT_OPTIMIZATION_LEVEL = "-O";
				VALIDATE_PRODUCT = YES;
			};
			name = Release;
		};
		D9BCD6FC254AA2C700FD53C9 /* Debug */ = {
			isa = XCBuildConfiguration;
			baseConfigurationReference = C959D344A460137E4BF6DA5C /* Pods-GenericLoadingData.debug.xcconfig */;
			buildSettings = {
				ASSETCATALOG_COMPILER_APPICON_NAME = AppIcon;
				CODE_SIGN_STYLE = Automatic;
				INFOPLIST_FILE = GenericLoadingData/Info.plist;
				LD_RUNPATH_SEARCH_PATHS = (
					"$(inherited)",
					"@executable_path/Frameworks",
				);
				PRODUCT_BUNDLE_IDENTIFIER = osama74.GenericLoadingData;
				PRODUCT_NAME = "$(TARGET_NAME)";
				SWIFT_VERSION = 5.0;
				TARGETED_DEVICE_FAMILY = "1,2";
			};
			name = Debug;
		};
		D9BCD6FD254AA2C700FD53C9 /* Release */ = {
			isa = XCBuildConfiguration;
			baseConfigurationReference = B63228DF1ABB2014C99C7AE7 /* Pods-GenericLoadingData.release.xcconfig */;
			buildSettings = {
				ASSETCATALOG_COMPILER_APPICON_NAME = AppIcon;
				CODE_SIGN_STYLE = Automatic;
				INFOPLIST_FILE = GenericLoadingData/Info.plist;
				LD_RUNPATH_SEARCH_PATHS = (
					"$(inherited)",
					"@executable_path/Frameworks",
				);
				PRODUCT_BUNDLE_IDENTIFIER = osama74.GenericLoadingData;
				PRODUCT_NAME = "$(TARGET_NAME)";
				SWIFT_VERSION = 5.0;
				TARGETED_DEVICE_FAMILY = "1,2";
			};
			name = Release;
		};
/* End XCBuildConfiguration section */

/* Begin XCConfigurationList section */
		D9BCD6E2254AA2C300FD53C9 /* Build configuration list for PBXProject "GenericLoadingData" */ = {
			isa = XCConfigurationList;
			buildConfigurations = (
				D9BCD6F9254AA2C700FD53C9 /* Debug */,
				D9BCD6FA254AA2C700FD53C9 /* Release */,
			);
			defaultConfigurationIsVisible = 0;
			defaultConfigurationName = Release;
		};
		D9BCD6FB254AA2C700FD53C9 /* Build configuration list for PBXNativeTarget "GenericLoadingData" */ = {
			isa = XCConfigurationList;
			buildConfigurations = (
				D9BCD6FC254AA2C700FD53C9 /* Debug */,
				D9BCD6FD254AA2C700FD53C9 /* Release */,
			);
			defaultConfigurationIsVisible = 0;
			defaultConfigurationName = Release;
		};
/* End XCConfigurationList section */
	};
	rootObject = D9BCD6DF254AA2C300FD53C9 /* Project object */;
}
